
Microsoft Visual Studio Solution File, Format Version 12.00
# Visual Studio Version 17
VisualStudioVersion = 17.5.002.0
MinimumVisualStudioVersion = 10.0.40219.1
Project("{9A19103F-16F7-4668-BE54-9A1E7A4F7556}") = "EDI_PARSER1", "EDI_PARSER1.csproj", "{F8298E5E-9C56-41C5-9469-739E79A7E496}"
EndProject
Global
	GlobalSection(SolutionConfigurationPlatforms) = preSolution
		Debug|Any CPU = Debug|Any CPU
		Release|Any CPU = Release|Any CPU
	EndGlobalSection
	GlobalSection(ProjectConfigurationPlatforms) = postSolution
		{F8298E5E-9C56-41C5-9469-739E79A7E496}.Debug|Any CPU.ActiveCfg = Debug|Any CPU
		{F8298E5E-9C56-41C5-9469-739E79A7E496}.Debug|Any CPU.Build.0 = Debug|Any CPU
		{F8298E5E-9C56-41C5-9469-739E79A7E496}.Release|Any CPU.ActiveCfg = Release|Any CPU
		{F8298E5E-9C56-41C5-9469-739E79A7E496}.Release|Any CPU.Build.0 = Release|Any CPU
	EndGlobalSection
	GlobalSection(SolutionProperties) = preSolution
		HideSolutionNode = FALSE
	EndGlobalSection
	GlobalSection(ExtensibilityGlobals) = postSolution
		SolutionGuid = {9E9BA04E-4A83-40C5-A06B-1AE2B5240BBF}
	EndGlobalSection
EndGlobal
